// !$*UTF8*$!
{
	archiveVersion = 1;
	classes = {
	};
	objectVersion = 50;
	objects = {

/* Begin PBXBuildFile section */
		FF5BAEEC24D92563004B2DE9 /* AppDelegate.swift in Sources */ = {isa = PBXBuildFile; fileRef = FF5BAEEB24D92563004B2DE9 /* AppDelegate.swift */; };
		FF5BAEEE24D92563004B2DE9 /* SceneDelegate.swift in Sources */ = {isa = PBXBuildFile; fileRef = FF5BAEED24D92563004B2DE9 /* SceneDelegate.swift */; };
		FF5BAEF024D92563004B2DE9 /* ContentView.swift in Sources */ = {isa = PBXBuildFile; fileRef = FF5BAEEF24D92563004B2DE9 /* ContentView.swift */; };
		FF5BAEF224D92569004B2DE9 /* Assets.xcassets in Resources */ = {isa = PBXBuildFile; fileRef = FF5BAEF124D92569004B2DE9 /* Assets.xcassets */; };
		FF5BAEF524D92569004B2DE9 /* Preview Assets.xcassets in Resources */ = {isa = PBXBuildFile; fileRef = FF5BAEF424D92569004B2DE9 /* Preview Assets.xcassets */; };
		FF5BAEF824D92569004B2DE9 /* LaunchScreen.storyboard in Resources */ = {isa = PBXBuildFile; fileRef = FF5BAEF624D92569004B2DE9 /* LaunchScreen.storyboard */; };
/* End PBXBuildFile section */

/* Begin PBXFileReference section */
		FF5BAEE824D92563004B2DE9 /* Accountability.app */ = {isa = PBXFileReference; explicitFileType = wrapper.application; includeInIndex = 0; path = Accountability.app; sourceTree = BUILT_PRODUCTS_DIR; };
		FF5BAEEB24D92563004B2DE9 /* AppDelegate.swift */ = {isa = PBXFileReference; lastKnownFileType = sourcecode.swift; path = AppDelegate.swift; sourceTree = "<group>"; };
		FF5BAEED24D92563004B2DE9 /* SceneDelegate.swift */ = {isa = PBXFileReference; lastKnownFileType = sourcecode.swift; path = SceneDelegate.swift; sourceTree = "<group>"; };
		FF5BAEEF24D92563004B2DE9 /* ContentView.swift */ = {isa = PBXFileReference; lastKnownFileType = sourcecode.swift; path = ContentView.swift; sourceTree = "<group>"; };
		FF5BAEF124D92569004B2DE9 /* Assets.xcassets */ = {isa = PBXFileReference; lastKnownFileType = folder.assetcatalog; path = Assets.xcassets; sourceTree = "<group>"; };
		FF5BAEF424D92569004B2DE9 /* Preview Assets.xcassets */ = {isa = PBXFileReference; lastKnownFileType = folder.assetcatalog; path = "Preview Assets.xcassets"; sourceTree = "<group>"; };
		FF5BAEF724D92569004B2DE9 /* Base */ = {isa = PBXFileReference; lastKnownFileType = file.storyboard; name = Base; path = Base.lproj/LaunchScreen.storyboard; sourceTree = "<group>"; };
		FF5BAEF924D92569004B2DE9 /* Info.plist */ = {isa = PBXFileReference; lastKnownFileType = text.plist.xml; path = Info.plist; sourceTree = "<group>"; };
/* End PBXFileReference section */

/* Begin PBXFrameworksBuildPhase section */
		FF5BAEE524D92563004B2DE9 /* Frameworks */ = {
			isa = PBXFrameworksBuildPhase;
			buildActionMask = 2147483647;
			files = (
			);
			runOnlyForDeploymentPostprocessing = 0;
		};
/* End PBXFrameworksBuildPhase section */

/* Begin PBXGroup section */
		FF5BAEDF24D92563004B2DE9 = {
			isa = PBXGroup;
			children = (
				FF5BAEEA24D92563004B2DE9 /* Accountability */,
				FF5BAEE924D92563004B2DE9 /* Products */,
			);
			sourceTree = "<group>";
		};
		FF5BAEE924D92563004B2DE9 /* Products */ = {
			isa = PBXGroup;
			children = (
				FF5BAEE824D92563004B2DE9 /* Accountability.app */,
			);
			name = Products;
			sourceTree = "<group>";
		};
		FF5BAEEA24D92563004B2DE9 /* Accountability */ = {
			isa = PBXGroup;
			children = (
				FF5BAEEB24D92563004B2DE9 /* AppDelegate.swift */,
				FF5BAEED24D92563004B2DE9 /* SceneDelegate.swift */,
				FF5BAEEF24D92563004B2DE9 /* ContentView.swift */,
				FF5BAEF124D92569004B2DE9 /* Assets.xcassets */,
				FF5BAEF624D92569004B2DE9 /* LaunchScreen.storyboard */,
				FF5BAEF924D92569004B2DE9 /* Info.plist */,
				FF5BAEF324D92569004B2DE9 /* Preview Content */,
			);
			path = Accountability;
			sourceTree = "<group>";
		};
		FF5BAEF324D92569004B2DE9 /* Preview Content */ = {
			isa = PBXGroup;
			children = (
				FF5BAEF424D92569004B2DE9 /* Preview Assets.xcassets */,
			);
			path = "Preview Content";
			sourceTree = "<group>";
		};
/* End PBXGroup section */

/* Begin PBXNativeTarget section */
		FF5BAEE724D92563004B2DE9 /* Accountability */ = {
			isa = PBXNativeTarget;
			buildConfigurationList = FF5BAEFC24D92569004B2DE9 /* Build configuration list for PBXNativeTarget "Accountability" */;
			buildPhases = (
				FF5BAEE424D92563004B2DE9 /* Sources */,
				FF5BAEE524D92563004B2DE9 /* Frameworks */,
				FF5BAEE624D92563004B2DE9 /* Resources */,
			);
			buildRules = (
			);
			dependencies = (
			);
			name = Accountability;
			productName = Accountability;
			productReference = FF5BAEE824D92563004B2DE9 /* Accountability.app */;
			productType = "com.apple.product-type.application";
		};
/* End PBXNativeTarget section */

/* Begin PBXProject section */
		FF5BAEE024D92563004B2DE9 /* Project object */ = {
			isa = PBXProject;
			attributes = {
				LastSwiftUpdateCheck = 1160;
				LastUpgradeCheck = 1160;
				ORGANIZATIONNAME = "Christopher Grayston";
				TargetAttributes = {
					FF5BAEE724D92563004B2DE9 = {
						CreatedOnToolsVersion = 11.6;
					};
				};
			};
			buildConfigurationList = FF5BAEE324D92563004B2DE9 /* Build configuration list for PBXProject "Accountability" */;
			compatibilityVersion = "Xcode 9.3";
			developmentRegion = en;
			hasScannedForEncodings = 0;
			knownRegions = (
				en,
				Base,
			);
			mainGroup = FF5BAEDF24D92563004B2DE9;
			productRefGroup = FF5BAEE924D92563004B2DE9 /* Products */;
			projectDirPath = "";
			projectRoot = "";
			targets = (
				FF5BAEE724D92563004B2DE9 /* Accountability */,
			);
		};
/* End PBXProject section */

/* Begin PBXResourcesBuildPhase section */
		FF5BAEE624D92563004B2DE9 /* Resources */ = {
			isa = PBXResourcesBuildPhase;
			buildActionMask = 2147483647;
			files = (
				FF5BAEF824D92569004B2DE9 /* LaunchScreen.storyboard in Resources */,
				FF5BAEF524D92569004B2DE9 /* Preview Assets.xcassets in Resources */,
				FF5BAEF224D92569004B2DE9 /* Assets.xcassets in Resources */,
			);
			runOnlyForDeploymentPostprocessing = 0;
		};
/* End PBXResourcesBuildPhase section */

/* Begin PBXSourcesBuildPhase section */
		FF5BAEE424D92563004B2DE9 /* Sources */ = {
			isa = PBXSourcesBuildPhase;
			buildActionMask = 2147483647;
			files = (
				FF5BAEEC24D92563004B2DE9 /* AppDelegate.swift in Sources */,
				FF5BAEEE24D92563004B2DE9 /* SceneDelegate.swift in Sources */,
				FF5BAEF024D92563004B2DE9 /* ContentView.swift in Sources */,
			);
			runOnlyForDeploymentPostprocessing = 0;
		};
/* End PBXSourcesBuildPhase section */

/* Begin PBXVariantGroup section */
		FF5BAEF624D92569004B2DE9 /* LaunchScreen.storyboard */ = {
			isa = PBXVariantGroup;
			children = (
				FF5BAEF724D92569004B2DE9 /* Base */,
			);
			name = LaunchScreen.storyboard;
			sourceTree = "<group>";
		};
/* End PBXVariantGroup section */

/* Begin XCBuildConfiguration section */
		FF5BAEFA24D92569004B2DE9 /* Debug */ = {
			isa = XCBuildConfiguration;
			buildSettings = {
				ALWAYS_SEARCH_USER_PATHS = NO;
				CLANG_ANALYZER_NONNULL = YES;
				CLANG_ANALYZER_NUMBER_OBJECT_CONVERSION = YES_AGGRESSIVE;
				CLANG_CXX_LANGUAGE_STANDARD = "gnu++14";
				CLANG_CXX_LIBRARY = "libc++";
				CLANG_ENABLE_MODULES = YES;
				CLANG_ENABLE_OBJC_ARC = YES;
				CLANG_ENABLE_OBJC_WEAK = YES;
				CLANG_WARN_BLOCK_CAPTURE_AUTORELEASING = YES;
				CLANG_WARN_BOOL_CONVERSION = YES;
				CLANG_WARN_COMMA = YES;
				CLANG_WARN_CONSTANT_CONVERSION = YES;
				CLANG_WARN_DEPRECATED_OBJC_IMPLEMENTATIONS = YES;
				CLANG_WARN_DIRECT_OBJC_ISA_USAGE = YES_ERROR;
				CLANG_WARN_DOCUMENTATION_COMMENTS = YES;
				CLANG_WARN_EMPTY_BODY = YES;
				CLANG_WARN_ENUM_CONVERSION = YES;
				CLANG_WARN_INFINITE_RECURSION = YES;
				CLANG_WARN_INT_CONVERSION = YES;
				CLANG_WARN_NON_LITERAL_NULL_CONVERSION = YES;
				CLANG_WARN_OBJC_IMPLICIT_RETAIN_SELF = YES;
				CLANG_WARN_OBJC_LITERAL_CONVERSION = YES;
				CLANG_WARN_OBJC_ROOT_CLASS = YES_ERROR;
				CLANG_WARN_RANGE_LOOP_ANALYSIS = YES;
				CLANG_WARN_STRICT_PROTOTYPES = YES;
				CLANG_WARN_SUSPICIOUS_MOVE = YES;
				CLANG_WARN_UNGUARDED_AVAILABILITY = YES_AGGRESSIVE;
				CLANG_WARN_UNREACHABLE_CODE = YES;
				CLANG_WARN__DUPLICATE_METHOD_MATCH = YES;
				COPY_PHASE_STRIP = NO;
				DEBUG_INFORMATION_FORMAT = dwarf;
				ENABLE_STRICT_OBJC_MSGSEND = YES;
				ENABLE_TESTABILITY = YES;
				GCC_C_LANGUAGE_STANDARD = gnu11;
				GCC_DYNAMIC_NO_PIC = NO;
				GCC_NO_COMMON_BLOCKS = YES;
				GCC_OPTIMIZATION_LEVEL = 0;
				GCC_PREPROCESSOR_DEFINITIONS = (
					"DEBUG=1",
					"$(inherited)",
				);
				GCC_WARN_64_TO_32_BIT_CONVERSION = YES;
				GCC_WARN_ABOUT_RETURN_TYPE = YES_ERROR;
				GCC_WARN_UNDECLARED_SELECTOR = YES;
				GCC_WARN_UNINITIALIZED_AUTOS = YES_AGGRESSIVE;
				GCC_WARN_UNUSED_FUNCTION = YES;
				GCC_WARN_UNUSED_VARIABLE = YES;
				IPHONEOS_DEPLOYMENT_TARGET = 13.6;
				MTL_ENABLE_DEBUG_INFO = INCLUDE_SOURCE;
				MTL_FAST_MATH = YES;
				ONLY_ACTIVE_ARCH = YES;
				SDKROOT = iphoneos;
				SWIFT_ACTIVE_COMPILATION_CONDITIONS = DEBUG;
				SWIFT_OPTIMIZATION_LEVEL = "-Onone";
			};
			name = Debug;
		};
		FF5BAEFB24D92569004B2DE9 /* Release */ = {
			isa = XCBuildConfiguration;
			buildSettings = {
				ALWAYS_SEARCH_USER_PATHS = NO;
				CLANG_ANALYZER_NONNULL = YES;
				CLANG_ANALYZER_NUMBER_OBJECT_CONVERSION = YES_AGGRESSIVE;
				CLANG_CXX_LANGUAGE_STANDARD = "gnu++14";
				CLANG_CXX_LIBRARY = "libc++";
				CLANG_ENABLE_MODULES = YES;
				CLANG_ENABLE_OBJC_ARC = YES;
				CLANG_ENABLE_OBJC_WEAK = YES;
				CLANG_WARN_BLOCK_CAPTURE_AUTORELEASING = YES;
				CLANG_WARN_BOOL_CONVERSION = YES;
				CLANG_WARN_COMMA = YES;
				CLANG_WARN_CONSTANT_CONVERSION = YES;
				CLANG_WARN_DEPRECATED_OBJC_IMPLEMENTATIONS = YES;
				CLANG_WARN_DIRECT_OBJC_ISA_USAGE = YES_ERROR;
				CLANG_WARN_DOCUMENTATION_COMMENTS = YES;
				CLANG_WARN_EMPTY_BODY = YES;
				CLANG_WARN_ENUM_CONVERSION = YES;
				CLANG_WARN_INFINITE_RECURSION = YES;
				CLANG_WARN_INT_CONVERSION = YES;
				CLANG_WARN_NON_LITERAL_NULL_CONVERSION = YES;
				CLANG_WARN_OBJC_IMPLICIT_RETAIN_SELF = YES;
				CLANG_WARN_OBJC_LITERAL_CONVERSION = YES;
				CLANG_WARN_OBJC_ROOT_CLASS = YES_ERROR;
				CLANG_WARN_RANGE_LOOP_ANALYSIS = YES;
				CLANG_WARN_STRICT_PROTOTYPES = YES;
				CLANG_WARN_SUSPICIOUS_MOVE = YES;
				CLANG_WARN_UNGUARDED_AVAILABILITY = YES_AGGRESSIVE;
				CLANG_WARN_UNREACHABLE_CODE = YES;
				CLANG_WARN__DUPLICATE_METHOD_MATCH = YES;
				COPY_PHASE_STRIP = NO;
				DEBUG_INFORMATION_FORMAT = "dwarf-with-dsym";
				ENABLE_NS_ASSERTIONS = NO;
				ENABLE_STRICT_OBJC_MSGSEND = YES;
				GCC_C_LANGUAGE_STANDARD = gnu11;
				GCC_NO_COMMON_BLOCKS = YES;
				GCC_WARN_64_TO_32_BIT_CONVERSION = YES;
				GCC_WARN_ABOUT_RETURN_TYPE = YES_ERROR;
				GCC_WARN_UNDECLARED_SELECTOR = YES;
				GCC_WARN_UNINITIALIZED_AUTOS = YES_AGGRESSIVE;
				GCC_WARN_UNUSED_FUNCTION = YES;
				GCC_WARN_UNUSED_VARIABLE = YES;
				IPHONEOS_DEPLOYMENT_TARGET = 13.6;
				MTL_ENABLE_DEBUG_INFO = NO;
				MTL_FAST_MATH = YES;
				SDKROOT = iphoneos;
				SWIFT_COMPILATION_MODE = wholemodule;
				SWIFT_OPTIMIZATION_LEVEL = "-O";
				VALIDATE_PRODUCT = YES;
			};
			name = Release;
		};
		FF5BAEFD24D92569004B2DE9 /* Debug */ = {
			isa = XCBuildConfiguration;
			buildSettings = {
				ASSETCATALOG_COMPILER_APPICON_NAME = AppIcon;
				CODE_SIGN_STYLE = Automatic;
				DEVELOPMENT_ASSET_PATHS = "\"Accountability/Preview Content\"";
				DEVELOPMENT_TEAM = 2P8CC25627;
				ENABLE_PREVIEWS = YES;
				INFOPLIST_FILE = Accountability/Info.plist;
				LD_RUNPATH_SEARCH_PATHS = (
					"$(inherited)",
					"@executable_path/Frameworks",
				);
				PRODUCT_BUNDLE_IDENTIFIER = com.chrisgrayston.Accountability;
				PRODUCT_NAME = "$(TARGET_NAME)";
				SWIFT_VERSION = 5.0;
				TARGETED_DEVICE_FAMILY = "1,2";
			};
			name = Debug;
		};
		FF5BAEFE24D92569004B2DE9 /* Release */ = {
			isa = XCBuildConfiguration;
			buildSettings = {
				ASSETCATALOG_COMPILER_APPICON_NAME = AppIcon;
				CODE_SIGN_STYLE = Automatic;
				DEVELOPMENT_ASSET_PATHS = "\"Accountability/Preview Content\"";
				DEVELOPMENT_TEAM = 2P8CC25627;
				ENABLE_PREVIEWS = YES;
				INFOPLIST_FILE = Accountability/Info.plist;
				LD_RUNPATH_SEARCH_PATHS = (
					"$(inherited)",
					"@executable_path/Frameworks",
				);
				PRODUCT_BUNDLE_IDENTIFIER = com.chrisgrayston.Accountability;
				PRODUCT_NAME = "$(TARGET_NAME)";
				SWIFT_VERSION = 5.0;
				TARGETED_DEVICE_FAMILY = "1,2";
			};
			name = Release;
		};
/* End XCBuildConfiguration section */

/* Begin XCConfigurationList section */
		FF5BAEE324D92563004B2DE9 /* Build configuration list for PBXProject "Accountability" */ = {
			isa = XCConfigurationList;
			buildConfigurations = (
				FF5BAEFA24D92569004B2DE9 /* Debug */,
				FF5BAEFB24D92569004B2DE9 /* Release */,
			);
			defaultConfigurationIsVisible = 0;
			defaultConfigurationName = Release;
		};
		FF5BAEFC24D92569004B2DE9 /* Build configuration list for PBXNativeTarget "Accountability" */ = {
			isa = XCConfigurationList;
			buildConfigurations = (
				FF5BAEFD24D92569004B2DE9 /* Debug */,
				FF5BAEFE24D92569004B2DE9 /* Release */,
			);
			defaultConfigurationIsVisible = 0;
			defaultConfigurationName = Release;
		};
/* End XCConfigurationList section */
	};
	rootObject = FF5BAEE024D92563004B2DE9 /* Project object */;
}
