// !$*UTF8*$!
{
	archiveVersion = 1;
	classes = {
	};
	objectVersion = 51;
	objects = {

/* Begin PBXBuildFile section */
		FF0045F824F23F4E0047B232 /* Goal.swift in Sources */ = {isa = PBXBuildFile; fileRef = FF0045F724F23F4E0047B232 /* Goal.swift */; };
		FF0045FB24F2E1160047B232 /* CreateEntryUseCase.swift in Sources */ = {isa = PBXBuildFile; fileRef = FF0045FA24F2E1160047B232 /* CreateEntryUseCase.swift */; };
		FF0045FD24F2F99B0047B232 /* GoalRepository.swift in Sources */ = {isa = PBXBuildFile; fileRef = FF0045FC24F2F99B0047B232 /* GoalRepository.swift */; };
		FF0045FF24F2F9FF0047B232 /* GoalRemoteDataSource.swift in Sources */ = {isa = PBXBuildFile; fileRef = FF0045FE24F2F9FF0047B232 /* GoalRemoteDataSource.swift */; };
		FF00460224F2FE830047B232 /* GoalCollectionViewModel.swift in Sources */ = {isa = PBXBuildFile; fileRef = FF00460124F2FE820047B232 /* GoalCollectionViewModel.swift */; };
		FF00460524F2FFAD0047B232 /* GoalProgressViewModel.swift in Sources */ = {isa = PBXBuildFile; fileRef = FF00460424F2FFAD0047B232 /* GoalProgressViewModel.swift */; };
		FF00460724F300190047B232 /* FetchAllGoalsUseCase.swift in Sources */ = {isa = PBXBuildFile; fileRef = FF00460624F300190047B232 /* FetchAllGoalsUseCase.swift */; };
		FF00460924F300720047B232 /* UpdateGoalUseCase.swift in Sources */ = {isa = PBXBuildFile; fileRef = FF00460824F300720047B232 /* UpdateGoalUseCase.swift */; };
		FF2192CE24E62D8800D8A316 /* EntryListView.swift in Sources */ = {isa = PBXBuildFile; fileRef = FF2192CD24E62D8800D8A316 /* EntryListView.swift */; };
		FF2192D024E6370100D8A316 /* Entry.swift in Sources */ = {isa = PBXBuildFile; fileRef = FF2192CF24E6370100D8A316 /* Entry.swift */; };
		FF2192D924E643C600D8A316 /* EntryListViewModel.swift in Sources */ = {isa = PBXBuildFile; fileRef = FF2192D824E643C600D8A316 /* EntryListViewModel.swift */; };
		FF2192DF24E6457D00D8A316 /* EntryRepository.swift in Sources */ = {isa = PBXBuildFile; fileRef = FF2192DE24E6457D00D8A316 /* EntryRepository.swift */; };
		FF2192E124E64C4000D8A316 /* EntryCellViewModel.swift in Sources */ = {isa = PBXBuildFile; fileRef = FF2192E024E64C4000D8A316 /* EntryCellViewModel.swift */; };
		FF271C5E24F2150D000AF557 /* GoalCollectionView.swift in Sources */ = {isa = PBXBuildFile; fileRef = FF271C5D24F2150D000AF557 /* GoalCollectionView.swift */; };
		FF5BAEEC24D92563004B2DE9 /* AppDelegate.swift in Sources */ = {isa = PBXBuildFile; fileRef = FF5BAEEB24D92563004B2DE9 /* AppDelegate.swift */; };
		FF5BAEEE24D92563004B2DE9 /* SceneDelegate.swift in Sources */ = {isa = PBXBuildFile; fileRef = FF5BAEED24D92563004B2DE9 /* SceneDelegate.swift */; };
		FF5BAEF024D92563004B2DE9 /* TaskListView.swift in Sources */ = {isa = PBXBuildFile; fileRef = FF5BAEEF24D92563004B2DE9 /* TaskListView.swift */; };
		FF5BAEF524D92569004B2DE9 /* Preview Assets.xcassets in Resources */ = {isa = PBXBuildFile; fileRef = FF5BAEF424D92569004B2DE9 /* Preview Assets.xcassets */; };
		FF5BAEF824D92569004B2DE9 /* LaunchScreen.storyboard in Resources */ = {isa = PBXBuildFile; fileRef = FF5BAEF624D92569004B2DE9 /* LaunchScreen.storyboard */; };
		FF5BAF0024D9258C004B2DE9 /* Task.swift in Sources */ = {isa = PBXBuildFile; fileRef = FF5BAEFF24D9258C004B2DE9 /* Task.swift */; };
		FF5BAF0624D93232004B2DE9 /* TaskCellViewModel.swift in Sources */ = {isa = PBXBuildFile; fileRef = FF5BAF0524D93232004B2DE9 /* TaskCellViewModel.swift */; };
		FF69C503253772A90023F92E /* PersonalGoalsProgressBar.swift in Sources */ = {isa = PBXBuildFile; fileRef = FF69C502253772A90023F92E /* PersonalGoalsProgressBar.swift */; };
		FF69D63424F89CD50008A4D5 /* Assets.xcassets in Resources */ = {isa = PBXBuildFile; fileRef = FF5BAEF124D92569004B2DE9 /* Assets.xcassets */; };
		FF72915A24E0CAEB00170080 /* SettingsView.swift in Sources */ = {isa = PBXBuildFile; fileRef = FF72915924E0CAEB00170080 /* SettingsView.swift */; };
		FF76FC1624F1E03300A8E6B5 /* SignInWithGoogleButton.swift in Sources */ = {isa = PBXBuildFile; fileRef = FF76FC1524F1E03300A8E6B5 /* SignInWithGoogleButton.swift */; };
		FF76FC1A24F1EE5F00A8E6B5 /* SignInViewController.swift in Sources */ = {isa = PBXBuildFile; fileRef = FF76FC1924F1EE5F00A8E6B5 /* SignInViewController.swift */; };
		FF807A1E25354B37005D424B /* DeleteGoalUseCase.swift in Sources */ = {isa = PBXBuildFile; fileRef = FF807A1D25354B37005D424B /* DeleteGoalUseCase.swift */; };
		FF8ACD4424FAF1E9003EEA1C /* UserRemoteDataSource.swift in Sources */ = {isa = PBXBuildFile; fileRef = FF8ACD4324FAF1E9003EEA1C /* UserRemoteDataSource.swift */; };
		FF8ACD4724FB01EB003EEA1C /* FetchUserUseCase.swift in Sources */ = {isa = PBXBuildFile; fileRef = FF8ACD4624FB01EB003EEA1C /* FetchUserUseCase.swift */; };
		FF8BDCE62505E822006F197F /* LogOutUserUseCase.swift in Sources */ = {isa = PBXBuildFile; fileRef = FF8BDCE52505E822006F197F /* LogOutUserUseCase.swift */; };
		FF8DA0DC24DCF1F8002BD054 /* SignInWithAppleCoordinator.swift in Sources */ = {isa = PBXBuildFile; fileRef = FF8DA0DB24DCF1F8002BD054 /* SignInWithAppleCoordinator.swift */; };
		FF9CC64B24DBB05F0065C9CF /* GoogleService-Info.plist in Resources */ = {isa = PBXBuildFile; fileRef = FF9CC64A24DBB05F0065C9CF /* GoogleService-Info.plist */; };
		FF9CC64E24DBB98F0065C9CF /* TaskRepository.swift in Sources */ = {isa = PBXBuildFile; fileRef = FF9CC64D24DBB98F0065C9CF /* TaskRepository.swift */; };
		FF9CC65024DBCE8F0065C9CF /* SignInWithAppleButton.swift in Sources */ = {isa = PBXBuildFile; fileRef = FF9CC64F24DBCE8F0065C9CF /* SignInWithAppleButton.swift */; };
		FF9CC65224DBCF860065C9CF /* SignInView.swift in Sources */ = {isa = PBXBuildFile; fileRef = FF9CC65124DBCF860065C9CF /* SignInView.swift */; };
		FFA3E32124FB4EEA00145859 /* UpdateUserUseCase.swift in Sources */ = {isa = PBXBuildFile; fileRef = FFA3E32024FB4EEA00145859 /* UpdateUserUseCase.swift */; };
		FFA3E32424FB5D4200145859 /* SettingsViewModel.swift in Sources */ = {isa = PBXBuildFile; fileRef = FFA3E32324FB5D4200145859 /* SettingsViewModel.swift */; };
		FFAE6FD824E3AC4A005FE734 /* TabBarView.swift in Sources */ = {isa = PBXBuildFile; fileRef = FFAE6FD724E3AC4A005FE734 /* TabBarView.swift */; };
		FFB7FCB725295A2500640651 /* GoalEditorView.swift in Sources */ = {isa = PBXBuildFile; fileRef = FFB7FCB625295A2500640651 /* GoalEditorView.swift */; };
		FFB8AFF5252EA94000E6F079 /* Color+Additions.swift in Sources */ = {isa = PBXBuildFile; fileRef = FFB8AFF4252EA94000E6F079 /* Color+Additions.swift */; };
		FFB8AFF8252ED36900E6F079 /* AddGoalUseCase.swift in Sources */ = {isa = PBXBuildFile; fileRef = FFB8AFF7252ED36900E6F079 /* AddGoalUseCase.swift */; };
		FFB8B017252ED73700E6F079 /* GoalEditorViewModel.swift in Sources */ = {isa = PBXBuildFile; fileRef = FFB8B016252ED73700E6F079 /* GoalEditorViewModel.swift */; };
		FFBE6B1D25040CD80054F27F /* Pods_Accountability.framework in Frameworks */ = {isa = PBXBuildFile; fileRef = B1FEC6FCBCD77E7202962835 /* Pods_Accountability.framework */; };
		FFBFB10624E8CC4200E984DA /* Date+Additions.swift in Sources */ = {isa = PBXBuildFile; fileRef = FFBFB10524E8CC4200E984DA /* Date+Additions.swift */; };
		FFBFB10824EB800D00E984DA /* EntryEditorViewModel.swift in Sources */ = {isa = PBXBuildFile; fileRef = FFBFB10724EB800D00E984DA /* EntryEditorViewModel.swift */; };
		FFBFB10B24EB95B800E984DA /* UseCase.swift in Sources */ = {isa = PBXBuildFile; fileRef = FFBFB10A24EB95B800E984DA /* UseCase.swift */; };
		FFBFB10F24EB977700E984DA /* FetchAllEntriesUseCase.swift in Sources */ = {isa = PBXBuildFile; fileRef = FFBFB10E24EB977700E984DA /* FetchAllEntriesUseCase.swift */; };
		FFBFB11124EB9B5100E984DA /* EntryRemoteDataSource.swift in Sources */ = {isa = PBXBuildFile; fileRef = FFBFB11024EB9B5100E984DA /* EntryRemoteDataSource.swift */; };
		FFBFB11724EB9EAA00E984DA /* RepositoryProvider.swift in Sources */ = {isa = PBXBuildFile; fileRef = FFBFB11624EB9EAA00E984DA /* RepositoryProvider.swift */; };
		FFBFB11924EBA69F00E984DA /* DataSourceProvider.swift in Sources */ = {isa = PBXBuildFile; fileRef = FFBFB11824EBA69F00E984DA /* DataSourceProvider.swift */; };
		FFBFB11B24EBA8F100E984DA /* UseCaseProvider.swift in Sources */ = {isa = PBXBuildFile; fileRef = FFBFB11A24EBA8F100E984DA /* UseCaseProvider.swift */; };
		FFBFB13624EE2DCD00E984DA /* UpdateEntryUseCase.swift in Sources */ = {isa = PBXBuildFile; fileRef = FFBFB13524EE2DCD00E984DA /* UpdateEntryUseCase.swift */; };
		FFBFB13824EE478D00E984DA /* TaskRemoteDataSource.swift in Sources */ = {isa = PBXBuildFile; fileRef = FFBFB13724EE478D00E984DA /* TaskRemoteDataSource.swift */; };
		FFBFB13A24EE4B4500E984DA /* FetchAllTasksUseCase.swift in Sources */ = {isa = PBXBuildFile; fileRef = FFBFB13924EE4B4500E984DA /* FetchAllTasksUseCase.swift */; };
		FFBFB13C24EE4BA800E984DA /* UpdateTaskUseCase.swift in Sources */ = {isa = PBXBuildFile; fileRef = FFBFB13B24EE4BA800E984DA /* UpdateTaskUseCase.swift */; };
		FFBFB13E24EE4BEA00E984DA /* AddTaskUseCase.swift in Sources */ = {isa = PBXBuildFile; fileRef = FFBFB13D24EE4BEA00E984DA /* AddTaskUseCase.swift */; };
		FFC74F0924E8B3BA00895292 /* EntryEditorView.swift in Sources */ = {isa = PBXBuildFile; fileRef = FFC74F0824E8B3BA00895292 /* EntryEditorView.swift */; };
		FFCEE5AB24FAE9F900504D0C /* User.swift in Sources */ = {isa = PBXBuildFile; fileRef = FFCEE5AA24FAE9F900504D0C /* User.swift */; };
		FFCEE5AE24FAECAD00504D0C /* CreateUserUseCase.swift in Sources */ = {isa = PBXBuildFile; fileRef = FFCEE5AD24FAECAD00504D0C /* CreateUserUseCase.swift */; };
		FFCEE5B124FAEF3800504D0C /* UserRepository.swift in Sources */ = {isa = PBXBuildFile; fileRef = FFCEE5B024FAEF3800504D0C /* UserRepository.swift */; };
		FFEACC5424DBA475002346E1 /* TaskListViewModel.swift in Sources */ = {isa = PBXBuildFile; fileRef = FFEACC5324DBA475002346E1 /* TaskListViewModel.swift */; };
/* End PBXBuildFile section */

/* Begin PBXFileReference section */
		2BB7123AF19626C9D2A15B89 /* Pods-Accountability.debug.xcconfig */ = {isa = PBXFileReference; includeInIndex = 1; lastKnownFileType = text.xcconfig; name = "Pods-Accountability.debug.xcconfig"; path = "Target Support Files/Pods-Accountability/Pods-Accountability.debug.xcconfig"; sourceTree = "<group>"; };
		B1FEC6FCBCD77E7202962835 /* Pods_Accountability.framework */ = {isa = PBXFileReference; explicitFileType = wrapper.framework; includeInIndex = 0; path = Pods_Accountability.framework; sourceTree = BUILT_PRODUCTS_DIR; };
		D2179781E029F12D031A851D /* Pods-Accountability.release.xcconfig */ = {isa = PBXFileReference; includeInIndex = 1; lastKnownFileType = text.xcconfig; name = "Pods-Accountability.release.xcconfig"; path = "Target Support Files/Pods-Accountability/Pods-Accountability.release.xcconfig"; sourceTree = "<group>"; };
		FF0045F724F23F4E0047B232 /* Goal.swift */ = {isa = PBXFileReference; lastKnownFileType = sourcecode.swift; path = Goal.swift; sourceTree = "<group>"; };
		FF0045FA24F2E1160047B232 /* CreateEntryUseCase.swift */ = {isa = PBXFileReference; lastKnownFileType = sourcecode.swift; path = CreateEntryUseCase.swift; sourceTree = "<group>"; };
		FF0045FC24F2F99B0047B232 /* GoalRepository.swift */ = {isa = PBXFileReference; lastKnownFileType = sourcecode.swift; path = GoalRepository.swift; sourceTree = "<group>"; };
		FF0045FE24F2F9FF0047B232 /* GoalRemoteDataSource.swift */ = {isa = PBXFileReference; lastKnownFileType = sourcecode.swift; path = GoalRemoteDataSource.swift; sourceTree = "<group>"; };
		FF00460124F2FE820047B232 /* GoalCollectionViewModel.swift */ = {isa = PBXFileReference; lastKnownFileType = sourcecode.swift; path = GoalCollectionViewModel.swift; sourceTree = "<group>"; };
		FF00460424F2FFAD0047B232 /* GoalProgressViewModel.swift */ = {isa = PBXFileReference; lastKnownFileType = sourcecode.swift; path = GoalProgressViewModel.swift; sourceTree = "<group>"; };
		FF00460624F300190047B232 /* FetchAllGoalsUseCase.swift */ = {isa = PBXFileReference; lastKnownFileType = sourcecode.swift; path = FetchAllGoalsUseCase.swift; sourceTree = "<group>"; };
		FF00460824F300720047B232 /* UpdateGoalUseCase.swift */ = {isa = PBXFileReference; lastKnownFileType = sourcecode.swift; path = UpdateGoalUseCase.swift; sourceTree = "<group>"; };
		FF2192CD24E62D8800D8A316 /* EntryListView.swift */ = {isa = PBXFileReference; lastKnownFileType = sourcecode.swift; path = EntryListView.swift; sourceTree = "<group>"; };
		FF2192CF24E6370100D8A316 /* Entry.swift */ = {isa = PBXFileReference; lastKnownFileType = sourcecode.swift; path = Entry.swift; sourceTree = "<group>"; };
		FF2192D824E643C600D8A316 /* EntryListViewModel.swift */ = {isa = PBXFileReference; lastKnownFileType = sourcecode.swift; path = EntryListViewModel.swift; sourceTree = "<group>"; };
		FF2192DE24E6457D00D8A316 /* EntryRepository.swift */ = {isa = PBXFileReference; lastKnownFileType = sourcecode.swift; path = EntryRepository.swift; sourceTree = "<group>"; };
		FF2192E024E64C4000D8A316 /* EntryCellViewModel.swift */ = {isa = PBXFileReference; lastKnownFileType = sourcecode.swift; path = EntryCellViewModel.swift; sourceTree = "<group>"; };
		FF271C5D24F2150D000AF557 /* GoalCollectionView.swift */ = {isa = PBXFileReference; lastKnownFileType = sourcecode.swift; path = GoalCollectionView.swift; sourceTree = "<group>"; };
		FF5BAEE824D92563004B2DE9 /* Accountability.app */ = {isa = PBXFileReference; explicitFileType = wrapper.application; includeInIndex = 0; path = Accountability.app; sourceTree = BUILT_PRODUCTS_DIR; };
		FF5BAEEB24D92563004B2DE9 /* AppDelegate.swift */ = {isa = PBXFileReference; lastKnownFileType = sourcecode.swift; path = AppDelegate.swift; sourceTree = "<group>"; };
		FF5BAEED24D92563004B2DE9 /* SceneDelegate.swift */ = {isa = PBXFileReference; lastKnownFileType = sourcecode.swift; path = SceneDelegate.swift; sourceTree = "<group>"; };
		FF5BAEEF24D92563004B2DE9 /* TaskListView.swift */ = {isa = PBXFileReference; lastKnownFileType = sourcecode.swift; path = TaskListView.swift; sourceTree = "<group>"; };
		FF5BAEF124D92569004B2DE9 /* Assets.xcassets */ = {isa = PBXFileReference; lastKnownFileType = folder.assetcatalog; path = Assets.xcassets; sourceTree = "<group>"; };
		FF5BAEF424D92569004B2DE9 /* Preview Assets.xcassets */ = {isa = PBXFileReference; lastKnownFileType = folder.assetcatalog; path = "Preview Assets.xcassets"; sourceTree = "<group>"; };
		FF5BAEF724D92569004B2DE9 /* Base */ = {isa = PBXFileReference; lastKnownFileType = file.storyboard; name = Base; path = Base.lproj/LaunchScreen.storyboard; sourceTree = "<group>"; };
		FF5BAEF924D92569004B2DE9 /* Info.plist */ = {isa = PBXFileReference; lastKnownFileType = text.plist.xml; path = Info.plist; sourceTree = "<group>"; };
		FF5BAEFF24D9258C004B2DE9 /* Task.swift */ = {isa = PBXFileReference; lastKnownFileType = sourcecode.swift; path = Task.swift; sourceTree = "<group>"; };
		FF5BAF0524D93232004B2DE9 /* TaskCellViewModel.swift */ = {isa = PBXFileReference; lastKnownFileType = sourcecode.swift; path = TaskCellViewModel.swift; sourceTree = "<group>"; };
		FF69C502253772A90023F92E /* PersonalGoalsProgressBar.swift */ = {isa = PBXFileReference; lastKnownFileType = sourcecode.swift; path = PersonalGoalsProgressBar.swift; sourceTree = "<group>"; };
		FF72915924E0CAEB00170080 /* SettingsView.swift */ = {isa = PBXFileReference; lastKnownFileType = sourcecode.swift; path = SettingsView.swift; sourceTree = "<group>"; };
		FF76FC1524F1E03300A8E6B5 /* SignInWithGoogleButton.swift */ = {isa = PBXFileReference; lastKnownFileType = sourcecode.swift; path = SignInWithGoogleButton.swift; sourceTree = "<group>"; };
		FF76FC1924F1EE5F00A8E6B5 /* SignInViewController.swift */ = {isa = PBXFileReference; lastKnownFileType = sourcecode.swift; path = SignInViewController.swift; sourceTree = "<group>"; };
		FF807A1D25354B37005D424B /* DeleteGoalUseCase.swift */ = {isa = PBXFileReference; lastKnownFileType = sourcecode.swift; path = DeleteGoalUseCase.swift; sourceTree = "<group>"; };
		FF8ACD4324FAF1E9003EEA1C /* UserRemoteDataSource.swift */ = {isa = PBXFileReference; lastKnownFileType = sourcecode.swift; path = UserRemoteDataSource.swift; sourceTree = "<group>"; };
		FF8ACD4624FB01EB003EEA1C /* FetchUserUseCase.swift */ = {isa = PBXFileReference; lastKnownFileType = sourcecode.swift; path = FetchUserUseCase.swift; sourceTree = "<group>"; };
		FF8BDCE52505E822006F197F /* LogOutUserUseCase.swift */ = {isa = PBXFileReference; lastKnownFileType = sourcecode.swift; path = LogOutUserUseCase.swift; sourceTree = "<group>"; };
		FF8DA0DB24DCF1F8002BD054 /* SignInWithAppleCoordinator.swift */ = {isa = PBXFileReference; lastKnownFileType = sourcecode.swift; path = SignInWithAppleCoordinator.swift; sourceTree = "<group>"; };
		FF8DA0DD24DCF5EC002BD054 /* Accountability.entitlements */ = {isa = PBXFileReference; lastKnownFileType = text.plist.entitlements; path = Accountability.entitlements; sourceTree = "<group>"; };
		FF9CC64A24DBB05F0065C9CF /* GoogleService-Info.plist */ = {isa = PBXFileReference; fileEncoding = 4; lastKnownFileType = text.plist.xml; path = "GoogleService-Info.plist"; sourceTree = "<group>"; };
		FF9CC64D24DBB98F0065C9CF /* TaskRepository.swift */ = {isa = PBXFileReference; lastKnownFileType = sourcecode.swift; path = TaskRepository.swift; sourceTree = "<group>"; };
		FF9CC64F24DBCE8F0065C9CF /* SignInWithAppleButton.swift */ = {isa = PBXFileReference; lastKnownFileType = sourcecode.swift; path = SignInWithAppleButton.swift; sourceTree = "<group>"; };
		FF9CC65124DBCF860065C9CF /* SignInView.swift */ = {isa = PBXFileReference; lastKnownFileType = sourcecode.swift; path = SignInView.swift; sourceTree = "<group>"; };
		FFA3E32024FB4EEA00145859 /* UpdateUserUseCase.swift */ = {isa = PBXFileReference; lastKnownFileType = sourcecode.swift; path = UpdateUserUseCase.swift; sourceTree = "<group>"; };
		FFA3E32324FB5D4200145859 /* SettingsViewModel.swift */ = {isa = PBXFileReference; lastKnownFileType = sourcecode.swift; path = SettingsViewModel.swift; sourceTree = "<group>"; };
		FFAE6FD724E3AC4A005FE734 /* TabBarView.swift */ = {isa = PBXFileReference; lastKnownFileType = sourcecode.swift; path = TabBarView.swift; sourceTree = "<group>"; };
		FFB7FCB625295A2500640651 /* GoalEditorView.swift */ = {isa = PBXFileReference; lastKnownFileType = sourcecode.swift; path = GoalEditorView.swift; sourceTree = "<group>"; };
		FFB8AFF4252EA94000E6F079 /* Color+Additions.swift */ = {isa = PBXFileReference; lastKnownFileType = sourcecode.swift; path = "Color+Additions.swift"; sourceTree = "<group>"; };
		FFB8AFF7252ED36900E6F079 /* AddGoalUseCase.swift */ = {isa = PBXFileReference; lastKnownFileType = sourcecode.swift; path = AddGoalUseCase.swift; sourceTree = "<group>"; };
		FFB8B016252ED73700E6F079 /* GoalEditorViewModel.swift */ = {isa = PBXFileReference; lastKnownFileType = sourcecode.swift; path = GoalEditorViewModel.swift; sourceTree = "<group>"; };
		FFBFB10524E8CC4200E984DA /* Date+Additions.swift */ = {isa = PBXFileReference; lastKnownFileType = sourcecode.swift; path = "Date+Additions.swift"; sourceTree = "<group>"; };
		FFBFB10724EB800D00E984DA /* EntryEditorViewModel.swift */ = {isa = PBXFileReference; lastKnownFileType = sourcecode.swift; path = EntryEditorViewModel.swift; sourceTree = "<group>"; };
		FFBFB10A24EB95B800E984DA /* UseCase.swift */ = {isa = PBXFileReference; lastKnownFileType = sourcecode.swift; path = UseCase.swift; sourceTree = "<group>"; };
		FFBFB10E24EB977700E984DA /* FetchAllEntriesUseCase.swift */ = {isa = PBXFileReference; lastKnownFileType = sourcecode.swift; path = FetchAllEntriesUseCase.swift; sourceTree = "<group>"; };
		FFBFB11024EB9B5100E984DA /* EntryRemoteDataSource.swift */ = {isa = PBXFileReference; lastKnownFileType = sourcecode.swift; path = EntryRemoteDataSource.swift; sourceTree = "<group>"; };
		FFBFB11624EB9EAA00E984DA /* RepositoryProvider.swift */ = {isa = PBXFileReference; lastKnownFileType = sourcecode.swift; path = RepositoryProvider.swift; sourceTree = "<group>"; };
		FFBFB11824EBA69F00E984DA /* DataSourceProvider.swift */ = {isa = PBXFileReference; lastKnownFileType = sourcecode.swift; path = DataSourceProvider.swift; sourceTree = "<group>"; };
		FFBFB11A24EBA8F100E984DA /* UseCaseProvider.swift */ = {isa = PBXFileReference; lastKnownFileType = sourcecode.swift; path = UseCaseProvider.swift; sourceTree = "<group>"; };
		FFBFB13524EE2DCD00E984DA /* UpdateEntryUseCase.swift */ = {isa = PBXFileReference; lastKnownFileType = sourcecode.swift; path = UpdateEntryUseCase.swift; sourceTree = "<group>"; };
		FFBFB13724EE478D00E984DA /* TaskRemoteDataSource.swift */ = {isa = PBXFileReference; lastKnownFileType = sourcecode.swift; path = TaskRemoteDataSource.swift; sourceTree = "<group>"; };
		FFBFB13924EE4B4500E984DA /* FetchAllTasksUseCase.swift */ = {isa = PBXFileReference; lastKnownFileType = sourcecode.swift; path = FetchAllTasksUseCase.swift; sourceTree = "<group>"; };
		FFBFB13B24EE4BA800E984DA /* UpdateTaskUseCase.swift */ = {isa = PBXFileReference; lastKnownFileType = sourcecode.swift; path = UpdateTaskUseCase.swift; sourceTree = "<group>"; };
		FFBFB13D24EE4BEA00E984DA /* AddTaskUseCase.swift */ = {isa = PBXFileReference; lastKnownFileType = sourcecode.swift; path = AddTaskUseCase.swift; sourceTree = "<group>"; };
		FFC74F0824E8B3BA00895292 /* EntryEditorView.swift */ = {isa = PBXFileReference; lastKnownFileType = sourcecode.swift; path = EntryEditorView.swift; sourceTree = "<group>"; };
		FFCEE5AA24FAE9F900504D0C /* User.swift */ = {isa = PBXFileReference; lastKnownFileType = sourcecode.swift; path = User.swift; sourceTree = "<group>"; };
		FFCEE5AD24FAECAD00504D0C /* CreateUserUseCase.swift */ = {isa = PBXFileReference; lastKnownFileType = sourcecode.swift; path = CreateUserUseCase.swift; sourceTree = "<group>"; };
		FFCEE5B024FAEF3800504D0C /* UserRepository.swift */ = {isa = PBXFileReference; lastKnownFileType = sourcecode.swift; path = UserRepository.swift; sourceTree = "<group>"; };
		FFEACC5324DBA475002346E1 /* TaskListViewModel.swift */ = {isa = PBXFileReference; lastKnownFileType = sourcecode.swift; path = TaskListViewModel.swift; sourceTree = "<group>"; };
/* End PBXFileReference section */

/* Begin PBXFrameworksBuildPhase section */
		FF5BAEE524D92563004B2DE9 /* Frameworks */ = {
			isa = PBXFrameworksBuildPhase;
			buildActionMask = 2147483647;
			files = (
				FFBE6B1D25040CD80054F27F /* Pods_Accountability.framework in Frameworks */,
			);
			runOnlyForDeploymentPostprocessing = 0;
		};
/* End PBXFrameworksBuildPhase section */

/* Begin PBXGroup section */
		0150E2DD379DF4C088DEA522 /* Frameworks */ = {
			isa = PBXGroup;
			children = (
				B1FEC6FCBCD77E7202962835 /* Pods_Accountability.framework */,
			);
			name = Frameworks;
			sourceTree = "<group>";
		};
		24EADFD615CBAD3F0FABF620 /* Pods */ = {
			isa = PBXGroup;
			children = (
				2BB7123AF19626C9D2A15B89 /* Pods-Accountability.debug.xcconfig */,
				D2179781E029F12D031A851D /* Pods-Accountability.release.xcconfig */,
			);
			path = Pods;
			sourceTree = "<group>";
		};
		FF0045F924F2DA320047B232 /* Goals */ = {
			isa = PBXGroup;
			children = (
				FF0045FC24F2F99B0047B232 /* GoalRepository.swift */,
				FF0045FE24F2F9FF0047B232 /* GoalRemoteDataSource.swift */,
			);
			path = Goals;
			sourceTree = "<group>";
		};
		FF00460024F2FE5A0047B232 /* Goals */ = {
			isa = PBXGroup;
			children = (
				FF00460124F2FE820047B232 /* GoalCollectionViewModel.swift */,
				FF00460424F2FFAD0047B232 /* GoalProgressViewModel.swift */,
				FFB8B016252ED73700E6F079 /* GoalEditorViewModel.swift */,
			);
			path = Goals;
			sourceTree = "<group>";
		};
		FF00460324F2FF830047B232 /* Goals */ = {
			isa = PBXGroup;
			children = (
				FF00460624F300190047B232 /* FetchAllGoalsUseCase.swift */,
				FF00460824F300720047B232 /* UpdateGoalUseCase.swift */,
				FFB8AFF7252ED36900E6F079 /* AddGoalUseCase.swift */,
				FF807A1D25354B37005D424B /* DeleteGoalUseCase.swift */,
			);
			path = Goals;
			sourceTree = "<group>";
		};
		FF2192D124E6396000D8A316 /* Tasks */ = {
			isa = PBXGroup;
			children = (
				FF5BAEEF24D92563004B2DE9 /* TaskListView.swift */,
			);
			path = Tasks;
			sourceTree = "<group>";
		};
		FF2192D224E6396C00D8A316 /* TabBar */ = {
			isa = PBXGroup;
			children = (
				FFAE6FD724E3AC4A005FE734 /* TabBarView.swift */,
			);
			path = TabBar;
			sourceTree = "<group>";
		};
		FF2192D324E6398E00D8A316 /* Settings */ = {
			isa = PBXGroup;
			children = (
				FF72915924E0CAEB00170080 /* SettingsView.swift */,
			);
			path = Settings;
			sourceTree = "<group>";
		};
		FF2192D424E6399700D8A316 /* Entries */ = {
			isa = PBXGroup;
			children = (
				FF2192CD24E62D8800D8A316 /* EntryListView.swift */,
				FFC74F0824E8B3BA00895292 /* EntryEditorView.swift */,
			);
			path = Entries;
			sourceTree = "<group>";
		};
		FF2192D524E639B400D8A316 /* SignIn */ = {
			isa = PBXGroup;
			children = (
				FF9CC65124DBCF860065C9CF /* SignInView.swift */,
				FF9CC64F24DBCE8F0065C9CF /* SignInWithAppleButton.swift */,
				FF76FC1524F1E03300A8E6B5 /* SignInWithGoogleButton.swift */,
				FF76FC1924F1EE5F00A8E6B5 /* SignInViewController.swift */,
			);
			path = SignIn;
			sourceTree = "<group>";
		};
		FF2192D624E639DB00D8A316 /* Resources */ = {
			isa = PBXGroup;
			children = (
				FF5BAEF124D92569004B2DE9 /* Assets.xcassets */,
				FF5BAEF624D92569004B2DE9 /* LaunchScreen.storyboard */,
				FF5BAEF924D92569004B2DE9 /* Info.plist */,
				FF9CC64A24DBB05F0065C9CF /* GoogleService-Info.plist */,
				FF5BAEF324D92569004B2DE9 /* Preview Content */,
			);
			path = Resources;
			sourceTree = "<group>";
		};
		FF2192D724E643B100D8A316 /* Tasks */ = {
			isa = PBXGroup;
			children = (
				FFEACC5324DBA475002346E1 /* TaskListViewModel.swift */,
				FF5BAF0524D93232004B2DE9 /* TaskCellViewModel.swift */,
			);
			path = Tasks;
			sourceTree = "<group>";
		};
		FF2192DA24E6444800D8A316 /* Entries */ = {
			isa = PBXGroup;
			children = (
				FF2192D824E643C600D8A316 /* EntryListViewModel.swift */,
				FF2192E024E64C4000D8A316 /* EntryCellViewModel.swift */,
				FFBFB10724EB800D00E984DA /* EntryEditorViewModel.swift */,
			);
			path = Entries;
			sourceTree = "<group>";
		};
		FF2192DC24E6455E00D8A316 /* Tasks */ = {
			isa = PBXGroup;
			children = (
				FF9CC64D24DBB98F0065C9CF /* TaskRepository.swift */,
				FFBFB13724EE478D00E984DA /* TaskRemoteDataSource.swift */,
			);
			path = Tasks;
			sourceTree = "<group>";
		};
		FF2192DD24E6456600D8A316 /* Entries */ = {
			isa = PBXGroup;
			children = (
				FF2192DE24E6457D00D8A316 /* EntryRepository.swift */,
				FFBFB11024EB9B5100E984DA /* EntryRemoteDataSource.swift */,
			);
			path = Entries;
			sourceTree = "<group>";
		};
		FF271C5C24F214EF000AF557 /* Goals */ = {
			isa = PBXGroup;
			children = (
				FF271C5D24F2150D000AF557 /* GoalCollectionView.swift */,
				FFB7FCB625295A2500640651 /* GoalEditorView.swift */,
				FF69C502253772A90023F92E /* PersonalGoalsProgressBar.swift */,
			);
			path = Goals;
			sourceTree = "<group>";
		};
		FF5BAEDF24D92563004B2DE9 = {
			isa = PBXGroup;
			children = (
				FF5BAEEA24D92563004B2DE9 /* Accountability */,
				FF5BAEE924D92563004B2DE9 /* Products */,
				24EADFD615CBAD3F0FABF620 /* Pods */,
				0150E2DD379DF4C088DEA522 /* Frameworks */,
			);
			sourceTree = "<group>";
		};
		FF5BAEE924D92563004B2DE9 /* Products */ = {
			isa = PBXGroup;
			children = (
				FF5BAEE824D92563004B2DE9 /* Accountability.app */,
			);
			name = Products;
			sourceTree = "<group>";
		};
		FF5BAEEA24D92563004B2DE9 /* Accountability */ = {
			isa = PBXGroup;
			children = (
				FF8DA0DD24DCF5EC002BD054 /* Accountability.entitlements */,
				FFBFB11224EB9E4B00E984DA /* DI */,
				FFBFB10424E8CC2E00E984DA /* Extensions */,
				FF5BAF0224D92653004B2DE9 /* App */,
				FF8DA0DA24DCF1D6002BD054 /* Services */,
				FF5BAF0124D92592004B2DE9 /* Model */,
				FF9CC64C24DBB9790065C9CF /* Data */,
				FFBFB10924EB959800E984DA /* Domain */,
				FF5BAF0424D9321D004B2DE9 /* Presentation */,
				FF5BAF0324D9265F004B2DE9 /* UI */,
				FF2192D624E639DB00D8A316 /* Resources */,
			);
			path = Accountability;
			sourceTree = "<group>";
		};
		FF5BAEF324D92569004B2DE9 /* Preview Content */ = {
			isa = PBXGroup;
			children = (
				FF5BAEF424D92569004B2DE9 /* Preview Assets.xcassets */,
			);
			path = "Preview Content";
			sourceTree = "<group>";
		};
		FF5BAF0124D92592004B2DE9 /* Model */ = {
			isa = PBXGroup;
			children = (
				FF5BAEFF24D9258C004B2DE9 /* Task.swift */,
				FF0045F724F23F4E0047B232 /* Goal.swift */,
				FFCEE5AA24FAE9F900504D0C /* User.swift */,
				FF2192CF24E6370100D8A316 /* Entry.swift */,
			);
			path = Model;
			sourceTree = "<group>";
		};
		FF5BAF0224D92653004B2DE9 /* App */ = {
			isa = PBXGroup;
			children = (
				FF5BAEEB24D92563004B2DE9 /* AppDelegate.swift */,
				FF5BAEED24D92563004B2DE9 /* SceneDelegate.swift */,
			);
			path = App;
			sourceTree = "<group>";
		};
		FF5BAF0324D9265F004B2DE9 /* UI */ = {
			isa = PBXGroup;
			children = (
				FF271C5C24F214EF000AF557 /* Goals */,
				FF2192D124E6396000D8A316 /* Tasks */,
				FF2192D424E6399700D8A316 /* Entries */,
				FF2192D224E6396C00D8A316 /* TabBar */,
				FF2192D524E639B400D8A316 /* SignIn */,
				FF2192D324E6398E00D8A316 /* Settings */,
			);
			path = UI;
			sourceTree = "<group>";
		};
		FF5BAF0424D9321D004B2DE9 /* Presentation */ = {
			isa = PBXGroup;
			children = (
				FF00460024F2FE5A0047B232 /* Goals */,
				FF2192D724E643B100D8A316 /* Tasks */,
				FF2192DA24E6444800D8A316 /* Entries */,
				FFA3E32224FB5D2C00145859 /* Settings */,
			);
			path = Presentation;
			sourceTree = "<group>";
		};
		FF8DA0DA24DCF1D6002BD054 /* Services */ = {
			isa = PBXGroup;
			children = (
				FF8DA0DB24DCF1F8002BD054 /* SignInWithAppleCoordinator.swift */,
			);
			path = Services;
			sourceTree = "<group>";
		};
		FF9CC64C24DBB9790065C9CF /* Data */ = {
			isa = PBXGroup;
			children = (
				FF0045F924F2DA320047B232 /* Goals */,
				FF2192DC24E6455E00D8A316 /* Tasks */,
				FF2192DD24E6456600D8A316 /* Entries */,
				FFCEE5AF24FAEF2100504D0C /* User */,
			);
			path = Data;
			sourceTree = "<group>";
		};
		FFA3E32224FB5D2C00145859 /* Settings */ = {
			isa = PBXGroup;
			children = (
				FFA3E32324FB5D4200145859 /* SettingsViewModel.swift */,
			);
			path = Settings;
			sourceTree = "<group>";
		};
		FFBFB10424E8CC2E00E984DA /* Extensions */ = {
			isa = PBXGroup;
			children = (
				FFBFB10524E8CC4200E984DA /* Date+Additions.swift */,
				FFB8AFF4252EA94000E6F079 /* Color+Additions.swift */,
			);
			path = Extensions;
			sourceTree = "<group>";
		};
		FFBFB10924EB959800E984DA /* Domain */ = {
			isa = PBXGroup;
			children = (
				FFBFB10A24EB95B800E984DA /* UseCase.swift */,
				FF00460324F2FF830047B232 /* Goals */,
				FFBFB10C24EB95C500E984DA /* Tasks */,
				FFBFB10D24EB95D900E984DA /* Entries */,
				FFCEE5AC24FAEC8100504D0C /* User */,
			);
			path = Domain;
			sourceTree = "<group>";
		};
		FFBFB10C24EB95C500E984DA /* Tasks */ = {
			isa = PBXGroup;
			children = (
				FFBFB13924EE4B4500E984DA /* FetchAllTasksUseCase.swift */,
				FFBFB13B24EE4BA800E984DA /* UpdateTaskUseCase.swift */,
				FFBFB13D24EE4BEA00E984DA /* AddTaskUseCase.swift */,
			);
			path = Tasks;
			sourceTree = "<group>";
		};
		FFBFB10D24EB95D900E984DA /* Entries */ = {
			isa = PBXGroup;
			children = (
				FFBFB10E24EB977700E984DA /* FetchAllEntriesUseCase.swift */,
				FFBFB13524EE2DCD00E984DA /* UpdateEntryUseCase.swift */,
				FF0045FA24F2E1160047B232 /* CreateEntryUseCase.swift */,
			);
			path = Entries;
			sourceTree = "<group>";
		};
		FFBFB11224EB9E4B00E984DA /* DI */ = {
			isa = PBXGroup;
			children = (
				FFBFB11524EB9E8100E984DA /* UseCase */,
				FFBFB11424EB9E7B00E984DA /* Repository */,
				FFBFB11324EB9E7300E984DA /* DataSource */,
			);
			path = DI;
			sourceTree = "<group>";
		};
		FFBFB11324EB9E7300E984DA /* DataSource */ = {
			isa = PBXGroup;
			children = (
				FFBFB11824EBA69F00E984DA /* DataSourceProvider.swift */,
			);
			path = DataSource;
			sourceTree = "<group>";
		};
		FFBFB11424EB9E7B00E984DA /* Repository */ = {
			isa = PBXGroup;
			children = (
				FFBFB11624EB9EAA00E984DA /* RepositoryProvider.swift */,
			);
			path = Repository;
			sourceTree = "<group>";
		};
		FFBFB11524EB9E8100E984DA /* UseCase */ = {
			isa = PBXGroup;
			children = (
				FFBFB11A24EBA8F100E984DA /* UseCaseProvider.swift */,
			);
			path = UseCase;
			sourceTree = "<group>";
		};
		FFCEE5AC24FAEC8100504D0C /* User */ = {
			isa = PBXGroup;
			children = (
				FF8ACD4624FB01EB003EEA1C /* FetchUserUseCase.swift */,
				FFCEE5AD24FAECAD00504D0C /* CreateUserUseCase.swift */,
				FFA3E32024FB4EEA00145859 /* UpdateUserUseCase.swift */,
				FF8BDCE52505E822006F197F /* LogOutUserUseCase.swift */,
			);
			path = User;
			sourceTree = "<group>";
		};
		FFCEE5AF24FAEF2100504D0C /* User */ = {
			isa = PBXGroup;
			children = (
				FFCEE5B024FAEF3800504D0C /* UserRepository.swift */,
				FF8ACD4324FAF1E9003EEA1C /* UserRemoteDataSource.swift */,
			);
			path = User;
			sourceTree = "<group>";
		};
/* End PBXGroup section */

/* Begin PBXNativeTarget section */
		FF5BAEE724D92563004B2DE9 /* Accountability */ = {
			isa = PBXNativeTarget;
			buildConfigurationList = FF5BAEFC24D92569004B2DE9 /* Build configuration list for PBXNativeTarget "Accountability" */;
			buildPhases = (
				F41E4D19D4B7B2CB0EF905EE /* [CP] Check Pods Manifest.lock */,
				FF5BAEE424D92563004B2DE9 /* Sources */,
				FF5BAEE524D92563004B2DE9 /* Frameworks */,
				FF5BAEE624D92563004B2DE9 /* Resources */,
				C6B54FFFADC7D3495CC06D86 /* [CP] Embed Pods Frameworks */,
				9F61ADB443D34ABBD6E13507 /* [CP] Copy Pods Resources */,
			);
			buildRules = (
			);
			dependencies = (
			);
			name = Accountability;
			productName = Accountability;
			productReference = FF5BAEE824D92563004B2DE9 /* Accountability.app */;
			productType = "com.apple.product-type.application";
		};
/* End PBXNativeTarget section */

/* Begin PBXProject section */
		FF5BAEE024D92563004B2DE9 /* Project object */ = {
			isa = PBXProject;
			attributes = {
				LastSwiftUpdateCheck = 1160;
				LastUpgradeCheck = 1200;
				ORGANIZATIONNAME = "Christopher Grayston";
				TargetAttributes = {
					FF5BAEE724D92563004B2DE9 = {
						CreatedOnToolsVersion = 11.6;
					};
				};
			};
			buildConfigurationList = FF5BAEE324D92563004B2DE9 /* Build configuration list for PBXProject "Accountability" */;
			compatibilityVersion = "Xcode 9.3";
			developmentRegion = en;
			hasScannedForEncodings = 0;
			knownRegions = (
				en,
				Base,
			);
			mainGroup = FF5BAEDF24D92563004B2DE9;
			productRefGroup = FF5BAEE924D92563004B2DE9 /* Products */;
			projectDirPath = "";
			projectRoot = "";
			targets = (
				FF5BAEE724D92563004B2DE9 /* Accountability */,
			);
		};
/* End PBXProject section */

/* Begin PBXResourcesBuildPhase section */
		FF5BAEE624D92563004B2DE9 /* Resources */ = {
			isa = PBXResourcesBuildPhase;
			buildActionMask = 2147483647;
			files = (
				FF5BAEF824D92569004B2DE9 /* LaunchScreen.storyboard in Resources */,
				FF9CC64B24DBB05F0065C9CF /* GoogleService-Info.plist in Resources */,
				FF69D63424F89CD50008A4D5 /* Assets.xcassets in Resources */,
				FF5BAEF524D92569004B2DE9 /* Preview Assets.xcassets in Resources */,
			);
			runOnlyForDeploymentPostprocessing = 0;
		};
/* End PBXResourcesBuildPhase section */

/* Begin PBXShellScriptBuildPhase section */
		9F61ADB443D34ABBD6E13507 /* [CP] Copy Pods Resources */ = {
			isa = PBXShellScriptBuildPhase;
			buildActionMask = 2147483647;
			files = (
			);
			inputFileListPaths = (
				"${PODS_ROOT}/Target Support Files/Pods-Accountability/Pods-Accountability-resources-${CONFIGURATION}-input-files.xcfilelist",
			);
			name = "[CP] Copy Pods Resources";
			outputFileListPaths = (
				"${PODS_ROOT}/Target Support Files/Pods-Accountability/Pods-Accountability-resources-${CONFIGURATION}-output-files.xcfilelist",
			);
			runOnlyForDeploymentPostprocessing = 0;
			shellPath = /bin/sh;
			shellScript = "\"${PODS_ROOT}/Target Support Files/Pods-Accountability/Pods-Accountability-resources.sh\"\n";
			showEnvVarsInLog = 0;
		};
		C6B54FFFADC7D3495CC06D86 /* [CP] Embed Pods Frameworks */ = {
			isa = PBXShellScriptBuildPhase;
			buildActionMask = 2147483647;
			files = (
			);
			inputFileListPaths = (
				"${PODS_ROOT}/Target Support Files/Pods-Accountability/Pods-Accountability-frameworks-${CONFIGURATION}-input-files.xcfilelist",
			);
			name = "[CP] Embed Pods Frameworks";
			outputFileListPaths = (
				"${PODS_ROOT}/Target Support Files/Pods-Accountability/Pods-Accountability-frameworks-${CONFIGURATION}-output-files.xcfilelist",
			);
			runOnlyForDeploymentPostprocessing = 0;
			shellPath = /bin/sh;
			shellScript = "\"${PODS_ROOT}/Target Support Files/Pods-Accountability/Pods-Accountability-frameworks.sh\"\n";
			showEnvVarsInLog = 0;
		};
		F41E4D19D4B7B2CB0EF905EE /* [CP] Check Pods Manifest.lock */ = {
			isa = PBXShellScriptBuildPhase;
			buildActionMask = 2147483647;
			files = (
			);
			inputFileListPaths = (
			);
			inputPaths = (
				"${PODS_PODFILE_DIR_PATH}/Podfile.lock",
				"${PODS_ROOT}/Manifest.lock",
			);
			name = "[CP] Check Pods Manifest.lock";
			outputFileListPaths = (
			);
			outputPaths = (
				"$(DERIVED_FILE_DIR)/Pods-Accountability-checkManifestLockResult.txt",
			);
			runOnlyForDeploymentPostprocessing = 0;
			shellPath = /bin/sh;
			shellScript = "diff \"${PODS_PODFILE_DIR_PATH}/Podfile.lock\" \"${PODS_ROOT}/Manifest.lock\" > /dev/null\nif [ $? != 0 ] ; then\n    # print error to STDERR\n    echo \"error: The sandbox is not in sync with the Podfile.lock. Run 'pod install' or update your CocoaPods installation.\" >&2\n    exit 1\nfi\n# This output is used by Xcode 'outputs' to avoid re-running this script phase.\necho \"SUCCESS\" > \"${SCRIPT_OUTPUT_FILE_0}\"\n";
			showEnvVarsInLog = 0;
		};
/* End PBXShellScriptBuildPhase section */

/* Begin PBXSourcesBuildPhase section */
		FF5BAEE424D92563004B2DE9 /* Sources */ = {
			isa = PBXSourcesBuildPhase;
			buildActionMask = 2147483647;
			files = (
				FF0045FB24F2E1160047B232 /* CreateEntryUseCase.swift in Sources */,
				FF2192D024E6370100D8A316 /* Entry.swift in Sources */,
				FFB7FCB725295A2500640651 /* GoalEditorView.swift in Sources */,
				FF8DA0DC24DCF1F8002BD054 /* SignInWithAppleCoordinator.swift in Sources */,
				FFC74F0924E8B3BA00895292 /* EntryEditorView.swift in Sources */,
				FFBFB13E24EE4BEA00E984DA /* AddTaskUseCase.swift in Sources */,
				FFBFB13824EE478D00E984DA /* TaskRemoteDataSource.swift in Sources */,
				FF2192DF24E6457D00D8A316 /* EntryRepository.swift in Sources */,
				FF9CC65224DBCF860065C9CF /* SignInView.swift in Sources */,
				FF0045FF24F2F9FF0047B232 /* GoalRemoteDataSource.swift in Sources */,
				FFBFB10624E8CC4200E984DA /* Date+Additions.swift in Sources */,
				FF5BAF0024D9258C004B2DE9 /* Task.swift in Sources */,
				FFBFB10F24EB977700E984DA /* FetchAllEntriesUseCase.swift in Sources */,
				FFB8AFF5252EA94000E6F079 /* Color+Additions.swift in Sources */,
				FFB8AFF8252ED36900E6F079 /* AddGoalUseCase.swift in Sources */,
				FF271C5E24F2150D000AF557 /* GoalCollectionView.swift in Sources */,
				FFBFB11924EBA69F00E984DA /* DataSourceProvider.swift in Sources */,
				FF5BAEEC24D92563004B2DE9 /* AppDelegate.swift in Sources */,
				FF2192CE24E62D8800D8A316 /* EntryListView.swift in Sources */,
				FF00460524F2FFAD0047B232 /* GoalProgressViewModel.swift in Sources */,
				FF8ACD4424FAF1E9003EEA1C /* UserRemoteDataSource.swift in Sources */,
				FF8ACD4724FB01EB003EEA1C /* FetchUserUseCase.swift in Sources */,
				FFBFB13624EE2DCD00E984DA /* UpdateEntryUseCase.swift in Sources */,
				FF0045F824F23F4E0047B232 /* Goal.swift in Sources */,
				FF5BAEEE24D92563004B2DE9 /* SceneDelegate.swift in Sources */,
				FF5BAEF024D92563004B2DE9 /* TaskListView.swift in Sources */,
				FF5BAF0624D93232004B2DE9 /* TaskCellViewModel.swift in Sources */,
				FFBFB11124EB9B5100E984DA /* EntryRemoteDataSource.swift in Sources */,
				FF0045FD24F2F99B0047B232 /* GoalRepository.swift in Sources */,
				FFBFB11724EB9EAA00E984DA /* RepositoryProvider.swift in Sources */,
				FFA3E32424FB5D4200145859 /* SettingsViewModel.swift in Sources */,
				FFEACC5424DBA475002346E1 /* TaskListViewModel.swift in Sources */,
				FF76FC1624F1E03300A8E6B5 /* SignInWithGoogleButton.swift in Sources */,
				FF00460224F2FE830047B232 /* GoalCollectionViewModel.swift in Sources */,
				FF9CC65024DBCE8F0065C9CF /* SignInWithAppleButton.swift in Sources */,
				FF9CC64E24DBB98F0065C9CF /* TaskRepository.swift in Sources */,
				FF00460924F300720047B232 /* UpdateGoalUseCase.swift in Sources */,
				FFCEE5AB24FAE9F900504D0C /* User.swift in Sources */,
				FF76FC1A24F1EE5F00A8E6B5 /* SignInViewController.swift in Sources */,
				FFAE6FD824E3AC4A005FE734 /* TabBarView.swift in Sources */,
				FF72915A24E0CAEB00170080 /* SettingsView.swift in Sources */,
				FF8BDCE62505E822006F197F /* LogOutUserUseCase.swift in Sources */,
				FFB8B017252ED73700E6F079 /* GoalEditorViewModel.swift in Sources */,
				FFA3E32124FB4EEA00145859 /* UpdateUserUseCase.swift in Sources */,
				FFCEE5B124FAEF3800504D0C /* UserRepository.swift in Sources */,
				FF2192D924E643C600D8A316 /* EntryListViewModel.swift in Sources */,
				FFCEE5AE24FAECAD00504D0C /* CreateUserUseCase.swift in Sources */,
				FFBFB11B24EBA8F100E984DA /* UseCaseProvider.swift in Sources */,
				FFBFB10B24EB95B800E984DA /* UseCase.swift in Sources */,
				FFBFB13A24EE4B4500E984DA /* FetchAllTasksUseCase.swift in Sources */,
				FF807A1E25354B37005D424B /* DeleteGoalUseCase.swift in Sources */,
				FFBFB13C24EE4BA800E984DA /* UpdateTaskUseCase.swift in Sources */,
				FF00460724F300190047B232 /* FetchAllGoalsUseCase.swift in Sources */,
				FF69C503253772A90023F92E /* PersonalGoalsProgressBar.swift in Sources */,
				FFBFB10824EB800D00E984DA /* EntryEditorViewModel.swift in Sources */,
				FF2192E124E64C4000D8A316 /* EntryCellViewModel.swift in Sources */,
			);
			runOnlyForDeploymentPostprocessing = 0;
		};
/* End PBXSourcesBuildPhase section */

/* Begin PBXVariantGroup section */
		FF5BAEF624D92569004B2DE9 /* LaunchScreen.storyboard */ = {
			isa = PBXVariantGroup;
			children = (
				FF5BAEF724D92569004B2DE9 /* Base */,
			);
			name = LaunchScreen.storyboard;
			sourceTree = "<group>";
		};
/* End PBXVariantGroup section */

/* Begin XCBuildConfiguration section */
		FF5BAEFA24D92569004B2DE9 /* Debug */ = {
			isa = XCBuildConfiguration;
			buildSettings = {
				ALWAYS_SEARCH_USER_PATHS = NO;
				ARCHS = "$(ARCHS_STANDARD)";
				CLANG_ANALYZER_NONNULL = YES;
				CLANG_ANALYZER_NUMBER_OBJECT_CONVERSION = YES_AGGRESSIVE;
				CLANG_CXX_LANGUAGE_STANDARD = "gnu++14";
				CLANG_CXX_LIBRARY = "libc++";
				CLANG_ENABLE_MODULES = YES;
				CLANG_ENABLE_OBJC_ARC = YES;
				CLANG_ENABLE_OBJC_WEAK = YES;
				CLANG_WARN_BLOCK_CAPTURE_AUTORELEASING = YES;
				CLANG_WARN_BOOL_CONVERSION = YES;
				CLANG_WARN_COMMA = YES;
				CLANG_WARN_CONSTANT_CONVERSION = YES;
				CLANG_WARN_DEPRECATED_OBJC_IMPLEMENTATIONS = YES;
				CLANG_WARN_DIRECT_OBJC_ISA_USAGE = YES_ERROR;
				CLANG_WARN_DOCUMENTATION_COMMENTS = YES;
				CLANG_WARN_EMPTY_BODY = YES;
				CLANG_WARN_ENUM_CONVERSION = YES;
				CLANG_WARN_INFINITE_RECURSION = YES;
				CLANG_WARN_INT_CONVERSION = YES;
				CLANG_WARN_NON_LITERAL_NULL_CONVERSION = YES;
				CLANG_WARN_OBJC_IMPLICIT_RETAIN_SELF = YES;
				CLANG_WARN_OBJC_LITERAL_CONVERSION = YES;
				CLANG_WARN_OBJC_ROOT_CLASS = YES_ERROR;
				CLANG_WARN_QUOTED_INCLUDE_IN_FRAMEWORK_HEADER = YES;
				CLANG_WARN_RANGE_LOOP_ANALYSIS = YES;
				CLANG_WARN_STRICT_PROTOTYPES = YES;
				CLANG_WARN_SUSPICIOUS_MOVE = YES;
				CLANG_WARN_UNGUARDED_AVAILABILITY = YES_AGGRESSIVE;
				CLANG_WARN_UNREACHABLE_CODE = YES;
				CLANG_WARN__DUPLICATE_METHOD_MATCH = YES;
				COPY_PHASE_STRIP = NO;
				DEBUG_INFORMATION_FORMAT = dwarf;
				ENABLE_STRICT_OBJC_MSGSEND = YES;
				ENABLE_TESTABILITY = YES;
				EXCLUDED_ARCHS = arm64;
				GCC_C_LANGUAGE_STANDARD = gnu11;
				GCC_DYNAMIC_NO_PIC = NO;
				GCC_NO_COMMON_BLOCKS = YES;
				GCC_OPTIMIZATION_LEVEL = 0;
				GCC_PREPROCESSOR_DEFINITIONS = (
					"DEBUG=1",
					"$(inherited)",
				);
				GCC_WARN_64_TO_32_BIT_CONVERSION = YES;
				GCC_WARN_ABOUT_RETURN_TYPE = YES_ERROR;
				GCC_WARN_UNDECLARED_SELECTOR = YES;
				GCC_WARN_UNINITIALIZED_AUTOS = YES_AGGRESSIVE;
				GCC_WARN_UNUSED_FUNCTION = YES;
				GCC_WARN_UNUSED_VARIABLE = YES;
				IPHONEOS_DEPLOYMENT_TARGET = 14.0;
				MTL_ENABLE_DEBUG_INFO = INCLUDE_SOURCE;
				MTL_FAST_MATH = YES;
				ONLY_ACTIVE_ARCH = YES;
				SDKROOT = iphoneos;
				SWIFT_ACTIVE_COMPILATION_CONDITIONS = DEBUG;
				SWIFT_OPTIMIZATION_LEVEL = "-Onone";
			};
			name = Debug;
		};
		FF5BAEFB24D92569004B2DE9 /* Release */ = {
			isa = XCBuildConfiguration;
			buildSettings = {
				ALWAYS_SEARCH_USER_PATHS = NO;
				CLANG_ANALYZER_NONNULL = YES;
				CLANG_ANALYZER_NUMBER_OBJECT_CONVERSION = YES_AGGRESSIVE;
				CLANG_CXX_LANGUAGE_STANDARD = "gnu++14";
				CLANG_CXX_LIBRARY = "libc++";
				CLANG_ENABLE_MODULES = YES;
				CLANG_ENABLE_OBJC_ARC = YES;
				CLANG_ENABLE_OBJC_WEAK = YES;
				CLANG_WARN_BLOCK_CAPTURE_AUTORELEASING = YES;
				CLANG_WARN_BOOL_CONVERSION = YES;
				CLANG_WARN_COMMA = YES;
				CLANG_WARN_CONSTANT_CONVERSION = YES;
				CLANG_WARN_DEPRECATED_OBJC_IMPLEMENTATIONS = YES;
				CLANG_WARN_DIRECT_OBJC_ISA_USAGE = YES_ERROR;
				CLANG_WARN_DOCUMENTATION_COMMENTS = YES;
				CLANG_WARN_EMPTY_BODY = YES;
				CLANG_WARN_ENUM_CONVERSION = YES;
				CLANG_WARN_INFINITE_RECURSION = YES;
				CLANG_WARN_INT_CONVERSION = YES;
				CLANG_WARN_NON_LITERAL_NULL_CONVERSION = YES;
				CLANG_WARN_OBJC_IMPLICIT_RETAIN_SELF = YES;
				CLANG_WARN_OBJC_LITERAL_CONVERSION = YES;
				CLANG_WARN_OBJC_ROOT_CLASS = YES_ERROR;
				CLANG_WARN_QUOTED_INCLUDE_IN_FRAMEWORK_HEADER = YES;
				CLANG_WARN_RANGE_LOOP_ANALYSIS = YES;
				CLANG_WARN_STRICT_PROTOTYPES = YES;
				CLANG_WARN_SUSPICIOUS_MOVE = YES;
				CLANG_WARN_UNGUARDED_AVAILABILITY = YES_AGGRESSIVE;
				CLANG_WARN_UNREACHABLE_CODE = YES;
				CLANG_WARN__DUPLICATE_METHOD_MATCH = YES;
				COPY_PHASE_STRIP = NO;
				DEBUG_INFORMATION_FORMAT = "dwarf-with-dsym";
				ENABLE_NS_ASSERTIONS = NO;
				ENABLE_STRICT_OBJC_MSGSEND = YES;
				EXCLUDED_ARCHS = "";
				GCC_C_LANGUAGE_STANDARD = gnu11;
				GCC_NO_COMMON_BLOCKS = YES;
				GCC_WARN_64_TO_32_BIT_CONVERSION = YES;
				GCC_WARN_ABOUT_RETURN_TYPE = YES_ERROR;
				GCC_WARN_UNDECLARED_SELECTOR = YES;
				GCC_WARN_UNINITIALIZED_AUTOS = YES_AGGRESSIVE;
				GCC_WARN_UNUSED_FUNCTION = YES;
				GCC_WARN_UNUSED_VARIABLE = YES;
				IPHONEOS_DEPLOYMENT_TARGET = 14.0;
				MTL_ENABLE_DEBUG_INFO = NO;
				MTL_FAST_MATH = YES;
				ONLY_ACTIVE_ARCH = NO;
				SDKROOT = iphoneos;
				SWIFT_COMPILATION_MODE = wholemodule;
				SWIFT_OPTIMIZATION_LEVEL = "-O";
				VALIDATE_PRODUCT = YES;
			};
			name = Release;
		};
		FF5BAEFD24D92569004B2DE9 /* Debug */ = {
			isa = XCBuildConfiguration;
			baseConfigurationReference = 2BB7123AF19626C9D2A15B89 /* Pods-Accountability.debug.xcconfig */;
			buildSettings = {
				ASSETCATALOG_COMPILER_APPICON_NAME = AppIcon;
				CODE_SIGN_ENTITLEMENTS = Accountability/Accountability.entitlements;
				CODE_SIGN_STYLE = Automatic;
				DEVELOPMENT_ASSET_PATHS = "\"Accountability/Resources/Preview Content\"";
				DEVELOPMENT_TEAM = 2P8CC25627;
				ENABLE_PREVIEWS = YES;
				EXCLUDED_ARCHS = "";
				INFOPLIST_FILE = Accountability/Resources/Info.plist;
				LD_RUNPATH_SEARCH_PATHS = (
					"$(inherited)",
					"@executable_path/Frameworks",
				);
				PRODUCT_BUNDLE_IDENTIFIER = com.chrisgrayston.Accountability;
				PRODUCT_NAME = "$(TARGET_NAME)";
				SWIFT_VERSION = 5.0;
				TARGETED_DEVICE_FAMILY = "1,2";
			};
			name = Debug;
		};
		FF5BAEFE24D92569004B2DE9 /* Release */ = {
			isa = XCBuildConfiguration;
			baseConfigurationReference = D2179781E029F12D031A851D /* Pods-Accountability.release.xcconfig */;
			buildSettings = {
				ASSETCATALOG_COMPILER_APPICON_NAME = AppIcon;
				CODE_SIGN_ENTITLEMENTS = Accountability/Accountability.entitlements;
				CODE_SIGN_STYLE = Automatic;
				DEVELOPMENT_ASSET_PATHS = "\"Accountability/Resources/Preview Content\"";
				DEVELOPMENT_TEAM = 2P8CC25627;
				ENABLE_PREVIEWS = YES;
				EXCLUDED_ARCHS = "";
				INFOPLIST_FILE = Accountability/Resources/Info.plist;
				LD_RUNPATH_SEARCH_PATHS = (
					"$(inherited)",
					"@executable_path/Frameworks",
				);
				PRODUCT_BUNDLE_IDENTIFIER = com.chrisgrayston.Accountability;
				PRODUCT_NAME = "$(TARGET_NAME)";
				SWIFT_VERSION = 5.0;
				TARGETED_DEVICE_FAMILY = "1,2";
			};
			name = Release;
		};
/* End XCBuildConfiguration section */

/* Begin XCConfigurationList section */
		FF5BAEE324D92563004B2DE9 /* Build configuration list for PBXProject "Accountability" */ = {
			isa = XCConfigurationList;
			buildConfigurations = (
				FF5BAEFA24D92569004B2DE9 /* Debug */,
				FF5BAEFB24D92569004B2DE9 /* Release */,
			);
			defaultConfigurationIsVisible = 0;
			defaultConfigurationName = Release;
		};
		FF5BAEFC24D92569004B2DE9 /* Build configuration list for PBXNativeTarget "Accountability" */ = {
			isa = XCConfigurationList;
			buildConfigurations = (
				FF5BAEFD24D92569004B2DE9 /* Debug */,
				FF5BAEFE24D92569004B2DE9 /* Release */,
			);
			defaultConfigurationIsVisible = 0;
			defaultConfigurationName = Release;
		};
/* End XCConfigurationList section */
	};
	rootObject = FF5BAEE024D92563004B2DE9 /* Project object */;
}
